
Microsoft Visual Studio Solution File, Format Version 12.00
# Visual Studio 15
VisualStudioVersion = 15.0.28307.421
MinimumVisualStudioVersion = 10.0.40219.1
Project("{8BC9CEB8-8B4A-11D0-8D11-00A0C91BC942}") = "lstopo-no-graphics", "thirdparty\hwloc-2.9.0\utils\lstopo-no-graphics.vcxproj", "{9DE76C6D-4773-4766-9F93-69C56166CB8E}"
EndProject
Project("{8BC9CEB8-8B4A-11D0-8D11-00A0C91BC942}") = "hwloc-annotate", "thirdparty\hwloc-2.9.0\utils\hwloc-annotate.vcxproj", "{9DE76C6D-4773-4766-9F93-69C56166CB8F}"
EndProject
Project("{8BC9CEB8-8B4A-11D0-8D11-00A0C91BC942}") = "hwloc-bind", "thirdparty\hwloc-2.9.0\utils\hwloc-bind.vcxproj", "{9DE76C6D-4773-4766-9F93-69C56166CB91}"
EndProject
Project("{8BC9CEB8-8B4A-11D0-8D11-00A0C91BC942}") = "hwloc-calc", "thirdparty\hwloc-2.9.0\utils\hwloc-calc.vcxproj", "{9DE76C6D-4773-4766-9F93-69C56166CB92}"
EndProject
Project("{8BC9CEB8-8B4A-11D0-8D11-00A0C91BC942}") = "hwloc-diff", "thirdparty\hwloc-2.9.0\utils\hwloc-diff.vcxproj", "{9DE76C6D-4773-4766-9F93-69C56166CB93}"
EndProject
Project("{8BC9CEB8-8B4A-11D0-8D11-00A0C91BC942}") = "hwloc-distrib", "thirdparty\hwloc-2.9.0\utils\hwloc-distrib.vcxproj", "{9DE76C6D-4773-4766-9F93-69C56166CB95}"
EndProject
Project("{8BC9CEB8-8B4A-11D0-8D11-00A0C91BC942}") = "hwloc-info", "thirdparty\hwloc-2.9.0\utils\hwloc-info.vcxproj", "{9DE76C6D-4773-4766-9F93-69C56166CB96}"
EndProject
Project("{8BC9CEB8-8B4A-11D0-8D11-00A0C91BC942}") = "hwloc-patch", "thirdparty\hwloc-2.9.0\utils\hwloc-patch.vcxproj", "{9DE76C6D-4773-4766-9F93-69C56166CB97}"
EndProject
Project("{8BC9CEB8-8B4A-11D0-8D11-00A0C91BC942}") = "lstopo", "thirdparty\hwloc-2.9.0\utils\lstopo.vcxproj", "{9DE76C6D-4773-4766-9F93-69C56166CB98}"
EndProject
Project("{8BC9CEB8-8B4A-11D0-8D11-00A0C91BC942}") = "lstopo-win", "thirdparty\hwloc-2.9.0\utils\lstopo-win.vcxproj", "{9DE76C6D-4773-4766-9F93-69C56166CB99}"
EndProject
Project("{8BC9CEB8-8B4A-11D0-8D11-00A0C91BC942}") = "hwloc-gather-cpuid", "thirdparty\hwloc-2.9.0\utils\hwloc-gather-cpuid.vcxproj", "{9DE76C6D-4773-4766-9F93-69C56166CB9A}"
EndProject
Project("{2150E333-8FDC-42A3-9474-1A3956D46DE8}") = "0_thirdparty", "0_thirdparty", "{22034F74-01A5-4685-8C76-469AFCE66209}"
EndProject
Project("{8BC9CEB8-8B4A-11D0-8D11-00A0C91BC942}") = "libhwloc", "thirdparty\hwloc-2.9.0\libhwloc.vcxproj", "{9DE76C6D-4773-4766-9F93-69C56166CB8D}"
EndProject
Project("{8BC9CEB8-8B4A-11D0-8D11-00A0C91BC942}") = "hwloc", "thirdparty\hwloc-2.9.0\hwloc.vcxproj", "{D8C4DF32-F672-4887-8CA9-96492BC93311}"
EndProject
Project("{2150E333-8FDC-42A3-9474-1A3956D46DE8}") = "2_exe", "2_exe", "{65E5AD42-7391-4359-A7E2-39054F89BEC3}"
EndProject
Project("{2150E333-8FDC-42A3-9474-1A3956D46DE8}") = "0_lib", "0_lib", "{ED289F38-0823-4C85-BDA5-52D84ED4CF6A}"
EndProject
Project("{2150E333-8FDC-42A3-9474-1A3956D46DE8}") = "1_dll", "1_dll", "{B06333C8-F917-4498-AC81-6EA7229DEA8F}"
EndProject
Global
	GlobalSection(SolutionConfigurationPlatforms) = preSolution
		Debug|x64 = Debug|x64
		Release|x64 = Release|x64
	EndGlobalSection
	GlobalSection(ProjectConfigurationPlatforms) = postSolution
		{9DE76C6D-4773-4766-9F93-69C56166CB8E}.Debug|x64.ActiveCfg = Debug|x64
		{9DE76C6D-4773-4766-9F93-69C56166CB8E}.Debug|x64.Build.0 = Debug|x64
		{9DE76C6D-4773-4766-9F93-69C56166CB8E}.Release|x64.ActiveCfg = Release|x64
		{9DE76C6D-4773-4766-9F93-69C56166CB8E}.Release|x64.Build.0 = Release|x64
		{9DE76C6D-4773-4766-9F93-69C56166CB8F}.Debug|x64.ActiveCfg = Debug|x64
		{9DE76C6D-4773-4766-9F93-69C56166CB8F}.Debug|x64.Build.0 = Debug|x64
		{9DE76C6D-4773-4766-9F93-69C56166CB8F}.Release|x64.ActiveCfg = Release|x64
		{9DE76C6D-4773-4766-9F93-69C56166CB8F}.Release|x64.Build.0 = Release|x64
		{9DE76C6D-4773-4766-9F93-69C56166CB91}.Debug|x64.ActiveCfg = Debug|x64
		{9DE76C6D-4773-4766-9F93-69C56166CB91}.Debug|x64.Build.0 = Debug|x64
		{9DE76C6D-4773-4766-9F93-69C56166CB91}.Release|x64.ActiveCfg = Release|x64
		{9DE76C6D-4773-4766-9F93-69C56166CB91}.Release|x64.Build.0 = Release|x64
		{9DE76C6D-4773-4766-9F93-69C56166CB92}.Debug|x64.ActiveCfg = Debug|x64
		{9DE76C6D-4773-4766-9F93-69C56166CB92}.Debug|x64.Build.0 = Debug|x64
		{9DE76C6D-4773-4766-9F93-69C56166CB92}.Release|x64.ActiveCfg = Release|x64
		{9DE76C6D-4773-4766-9F93-69C56166CB92}.Release|x64.Build.0 = Release|x64
		{9DE76C6D-4773-4766-9F93-69C56166CB93}.Debug|x64.ActiveCfg = Debug|x64
		{9DE76C6D-4773-4766-9F93-69C56166CB93}.Debug|x64.Build.0 = Debug|x64
		{9DE76C6D-4773-4766-9F93-69C56166CB93}.Release|x64.ActiveCfg = Release|x64
		{9DE76C6D-4773-4766-9F93-69C56166CB93}.Release|x64.Build.0 = Release|x64
		{9DE76C6D-4773-4766-9F93-69C56166CB95}.Debug|x64.ActiveCfg = Debug|x64
		{9DE76C6D-4773-4766-9F93-69C56166CB95}.Debug|x64.Build.0 = Debug|x64
		{9DE76C6D-4773-4766-9F93-69C56166CB95}.Release|x64.ActiveCfg = Release|x64
		{9DE76C6D-4773-4766-9F93-69C56166CB95}.Release|x64.Build.0 = Release|x64
		{9DE76C6D-4773-4766-9F93-69C56166CB96}.Debug|x64.ActiveCfg = Debug|x64
		{9DE76C6D-4773-4766-9F93-69C56166CB96}.Debug|x64.Build.0 = Debug|x64
		{9DE76C6D-4773-4766-9F93-69C56166CB96}.Release|x64.ActiveCfg = Release|x64
		{9DE76C6D-4773-4766-9F93-69C56166CB96}.Release|x64.Build.0 = Release|x64
		{9DE76C6D-4773-4766-9F93-69C56166CB97}.Debug|x64.ActiveCfg = Debug|x64
		{9DE76C6D-4773-4766-9F93-69C56166CB97}.Debug|x64.Build.0 = Debug|x64
		{9DE76C6D-4773-4766-9F93-69C56166CB97}.Release|x64.ActiveCfg = Release|x64
		{9DE76C6D-4773-4766-9F93-69C56166CB97}.Release|x64.Build.0 = Release|x64
		{9DE76C6D-4773-4766-9F93-69C56166CB98}.Debug|x64.ActiveCfg = Debug|x64
		{9DE76C6D-4773-4766-9F93-69C56166CB98}.Debug|x64.Build.0 = Debug|x64
		{9DE76C6D-4773-4766-9F93-69C56166CB98}.Release|x64.ActiveCfg = Release|x64
		{9DE76C6D-4773-4766-9F93-69C56166CB98}.Release|x64.Build.0 = Release|x64
		{9DE76C6D-4773-4766-9F93-69C56166CB99}.Debug|x64.ActiveCfg = Debug|x64
		{9DE76C6D-4773-4766-9F93-69C56166CB99}.Debug|x64.Build.0 = Debug|x64
		{9DE76C6D-4773-4766-9F93-69C56166CB99}.Release|x64.ActiveCfg = Release|x64
		{9DE76C6D-4773-4766-9F93-69C56166CB99}.Release|x64.Build.0 = Release|x64
		{9DE76C6D-4773-4766-9F93-69C56166CB9A}.Debug|x64.ActiveCfg = Debug|x64
		{9DE76C6D-4773-4766-9F93-69C56166CB9A}.Debug|x64.Build.0 = Debug|x64
		{9DE76C6D-4773-4766-9F93-69C56166CB9A}.Release|x64.ActiveCfg = Release|x64
		{9DE76C6D-4773-4766-9F93-69C56166CB9A}.Release|x64.Build.0 = Release|x64
		{9DE76C6D-4773-4766-9F93-69C56166CB8D}.Debug|x64.ActiveCfg = Debug|x64
		{9DE76C6D-4773-4766-9F93-69C56166CB8D}.Debug|x64.Build.0 = Debug|x64
		{9DE76C6D-4773-4766-9F93-69C56166CB8D}.Release|x64.ActiveCfg = Release|x64
		{9DE76C6D-4773-4766-9F93-69C56166CB8D}.Release|x64.Build.0 = Release|x64
		{D8C4DF32-F672-4887-8CA9-96492BC93311}.Debug|x64.ActiveCfg = Debug|x64
		{D8C4DF32-F672-4887-8CA9-96492BC93311}.Debug|x64.Build.0 = Debug|x64
		{D8C4DF32-F672-4887-8CA9-96492BC93311}.Release|x64.ActiveCfg = Release|x64
		{D8C4DF32-F672-4887-8CA9-96492BC93311}.Release|x64.Build.0 = Release|x64
	EndGlobalSection
	GlobalSection(SolutionProperties) = preSolution
		HideSolutionNode = FALSE
	EndGlobalSection
	GlobalSection(NestedProjects) = preSolution
		{9DE76C6D-4773-4766-9F93-69C56166CB8E} = {65E5AD42-7391-4359-A7E2-39054F89BEC3}
		{9DE76C6D-4773-4766-9F93-69C56166CB8F} = {65E5AD42-7391-4359-A7E2-39054F89BEC3}
		{9DE76C6D-4773-4766-9F93-69C56166CB91} = {65E5AD42-7391-4359-A7E2-39054F89BEC3}
		{9DE76C6D-4773-4766-9F93-69C56166CB92} = {65E5AD42-7391-4359-A7E2-39054F89BEC3}
		{9DE76C6D-4773-4766-9F93-69C56166CB93} = {65E5AD42-7391-4359-A7E2-39054F89BEC3}
		{9DE76C6D-4773-4766-9F93-69C56166CB95} = {65E5AD42-7391-4359-A7E2-39054F89BEC3}
		{9DE76C6D-4773-4766-9F93-69C56166CB96} = {65E5AD42-7391-4359-A7E2-39054F89BEC3}
		{9DE76C6D-4773-4766-9F93-69C56166CB97} = {65E5AD42-7391-4359-A7E2-39054F89BEC3}
		{9DE76C6D-4773-4766-9F93-69C56166CB98} = {65E5AD42-7391-4359-A7E2-39054F89BEC3}
		{9DE76C6D-4773-4766-9F93-69C56166CB99} = {65E5AD42-7391-4359-A7E2-39054F89BEC3}
		{9DE76C6D-4773-4766-9F93-69C56166CB9A} = {65E5AD42-7391-4359-A7E2-39054F89BEC3}
		{9DE76C6D-4773-4766-9F93-69C56166CB8D} = {ED289F38-0823-4C85-BDA5-52D84ED4CF6A}
		{D8C4DF32-F672-4887-8CA9-96492BC93311} = {B06333C8-F917-4498-AC81-6EA7229DEA8F}
		{65E5AD42-7391-4359-A7E2-39054F89BEC3} = {22034F74-01A5-4685-8C76-469AFCE66209}
		{ED289F38-0823-4C85-BDA5-52D84ED4CF6A} = {22034F74-01A5-4685-8C76-469AFCE66209}
		{B06333C8-F917-4498-AC81-6EA7229DEA8F} = {22034F74-01A5-4685-8C76-469AFCE66209}
	EndGlobalSection
	GlobalSection(ExtensibilityGlobals) = postSolution
		SolutionGuid = {A91DB611-31B4-4CBC-A866-C9E529108BD0}
	EndGlobalSection
EndGlobal
